
Microsoft Visual Studio Solution File, Format Version 12.00
# Visual Studio Version 17
VisualStudioVersion = 17.4.33110.190
MinimumVisualStudioVersion = 10.0.40219.1
Project("{FAE04EC0-301F-11D3-BF4B-00C04F79EFBC}") = "SingletonDesignPattern", "SingletonDesignPattern\SingletonDesignPattern.csproj", "{1F82B5CB-63E6-47F9-A45B-FB3A51406DE8}"
EndProject
Global
	GlobalSection(SolutionConfigurationPlatforms) = preSolution
		Debug|Any CPU = Debug|Any CPU
		Release|Any CPU = Release|Any CPU
	EndGlobalSection
	GlobalSection(ProjectConfigurationPlatforms) = postSolution
		{1F82B5CB-63E6-47F9-A45B-FB3A51406DE8}.Debug|Any CPU.ActiveCfg = Debug|Any CPU
		{1F82B5CB-63E6-47F9-A45B-FB3A51406DE8}.Debug|Any CPU.Build.0 = Debug|Any CPU
		{1F82B5CB-63E6-47F9-A45B-FB3A51406DE8}.Release|Any CPU.ActiveCfg = Release|Any CPU
		{1F82B5CB-63E6-47F9-A45B-FB3A51406DE8}.Release|Any CPU.Build.0 = Release|Any CPU
	EndGlobalSection
	GlobalSection(SolutionProperties) = preSolution
		HideSolutionNode = FALSE
	EndGlobalSection
	GlobalSection(ExtensibilityGlobals) = postSolution
		SolutionGuid = {CBA92803-F934-401B-B9A4-E2711C5878C2}
	EndGlobalSection
EndGlobal
